
Microsoft Visual Studio Solution File, Format Version 12.00
# Visual Studio 15
VisualStudioVersion = 15.0.27703.2000
MinimumVisualStudioVersion = 10.0.40219.1
Project("{FAE04EC0-301F-11D3-BF4B-00C04F79EFBC}") = "Space rocket", "Space rocket\Space rocket.csproj", "{CD57C71B-0AC4-43B1-A843-FED3BCAC6A63}"
EndProject
Global
	GlobalSection(SolutionConfigurationPlatforms) = preSolution
		Debug|x86 = Debug|x86
		Release|x86 = Release|x86
	EndGlobalSection
	GlobalSection(ProjectConfigurationPlatforms) = postSolution
		{CD57C71B-0AC4-43B1-A843-FED3BCAC6A63}.Debug|x86.ActiveCfg = Debug|x86
		{CD57C71B-0AC4-43B1-A843-FED3BCAC6A63}.Debug|x86.Build.0 = Debug|x86
		{CD57C71B-0AC4-43B1-A843-FED3BCAC6A63}.Release|x86.ActiveCfg = Release|x86
		{CD57C71B-0AC4-43B1-A843-FED3BCAC6A63}.Release|x86.Build.0 = Release|x86
	EndGlobalSection
	GlobalSection(SolutionProperties) = preSolution
		HideSolutionNode = FALSE
	EndGlobalSection
	GlobalSection(ExtensibilityGlobals) = postSolution
		SolutionGuid = {C94D0E57-8DCF-4DB5-BCE3-F6A2114ECBE2}
	EndGlobalSection
EndGlobal
